
Microsoft Visual Studio Solution File, Format Version 12.00
# Visual Studio Version 17
VisualStudioVersion = 17.11.35327.3
MinimumVisualStudioVersion = 10.0.40219.1
Project("{FAE04EC0-301F-11D3-BF4B-00C04F79EFBC}") = "WordSearch.API", "WordSearch.API\WordSearch.API.csproj", "{8F8EE086-BC1A-44A8-B17B-5EDFE5454ACE}"
EndProject
Project("{FAE04EC0-301F-11D3-BF4B-00C04F79EFBC}") = "WordSearch.DAL", "WordSearch.DAL\WordSearch.DAL.csproj", "{46EFCC8C-0459-41C6-A6A1-79A668C6F83D}"
EndProject
Project("{FAE04EC0-301F-11D3-BF4B-00C04F79EFBC}") = "WordSearch.DLL", "WordSearch.DLL\WordSearch.DLL.csproj", "{7F1C81C5-158E-4406-97F2-D0BD25C22A9B}"
EndProject
Project("{FAE04EC0-301F-11D3-BF4B-00C04F79EFBC}") = "WordSearch.MODELS", "WordSearch.MODELS\WordSearch.MODELS.csproj", "{2C030F66-1B9A-455F-B586-136F42600871}"
EndProject
Project("{FAE04EC0-301F-11D3-BF4B-00C04F79EFBC}") = "WordSearch.IOC", "WordSearch.IOC\WordSearch.IOC.csproj", "{2478267D-D4C7-431E-8421-497027640CAC}"
EndProject
Project("{FAE04EC0-301F-11D3-BF4B-00C04F79EFBC}") = "WordSearch.DTO", "WordSearch.DTO\WordSearch.DTO.csproj", "{079F1CD5-B474-44A6-91F9-3A6D47432276}"
EndProject
Global
	GlobalSection(SolutionConfigurationPlatforms) = preSolution
		Debug|Any CPU = Debug|Any CPU
		Release|Any CPU = Release|Any CPU
	EndGlobalSection
	GlobalSection(ProjectConfigurationPlatforms) = postSolution
		{8F8EE086-BC1A-44A8-B17B-5EDFE5454ACE}.Debug|Any CPU.ActiveCfg = Debug|Any CPU
		{8F8EE086-BC1A-44A8-B17B-5EDFE5454ACE}.Debug|Any CPU.Build.0 = Debug|Any CPU
		{8F8EE086-BC1A-44A8-B17B-5EDFE5454ACE}.Release|Any CPU.ActiveCfg = Release|Any CPU
		{8F8EE086-BC1A-44A8-B17B-5EDFE5454ACE}.Release|Any CPU.Build.0 = Release|Any CPU
		{46EFCC8C-0459-41C6-A6A1-79A668C6F83D}.Debug|Any CPU.ActiveCfg = Debug|Any CPU
		{46EFCC8C-0459-41C6-A6A1-79A668C6F83D}.Debug|Any CPU.Build.0 = Debug|Any CPU
		{46EFCC8C-0459-41C6-A6A1-79A668C6F83D}.Release|Any CPU.ActiveCfg = Release|Any CPU
		{46EFCC8C-0459-41C6-A6A1-79A668C6F83D}.Release|Any CPU.Build.0 = Release|Any CPU
		{7F1C81C5-158E-4406-97F2-D0BD25C22A9B}.Debug|Any CPU.ActiveCfg = Debug|Any CPU
		{7F1C81C5-158E-4406-97F2-D0BD25C22A9B}.Debug|Any CPU.Build.0 = Debug|Any CPU
		{7F1C81C5-158E-4406-97F2-D0BD25C22A9B}.Release|Any CPU.ActiveCfg = Release|Any CPU
		{7F1C81C5-158E-4406-97F2-D0BD25C22A9B}.Release|Any CPU.Build.0 = Release|Any CPU
		{2C030F66-1B9A-455F-B586-136F42600871}.Debug|Any CPU.ActiveCfg = Debug|Any CPU
		{2C030F66-1B9A-455F-B586-136F42600871}.Debug|Any CPU.Build.0 = Debug|Any CPU
		{2C030F66-1B9A-455F-B586-136F42600871}.Release|Any CPU.ActiveCfg = Release|Any CPU
		{2C030F66-1B9A-455F-B586-136F42600871}.Release|Any CPU.Build.0 = Release|Any CPU
		{2478267D-D4C7-431E-8421-497027640CAC}.Debug|Any CPU.ActiveCfg = Debug|Any CPU
		{2478267D-D4C7-431E-8421-497027640CAC}.Debug|Any CPU.Build.0 = Debug|Any CPU
		{2478267D-D4C7-431E-8421-497027640CAC}.Release|Any CPU.ActiveCfg = Release|Any CPU
		{2478267D-D4C7-431E-8421-497027640CAC}.Release|Any CPU.Build.0 = Release|Any CPU
		{079F1CD5-B474-44A6-91F9-3A6D47432276}.Debug|Any CPU.ActiveCfg = Debug|Any CPU
		{079F1CD5-B474-44A6-91F9-3A6D47432276}.Debug|Any CPU.Build.0 = Debug|Any CPU
		{079F1CD5-B474-44A6-91F9-3A6D47432276}.Release|Any CPU.ActiveCfg = Release|Any CPU
		{079F1CD5-B474-44A6-91F9-3A6D47432276}.Release|Any CPU.Build.0 = Release|Any CPU
	EndGlobalSection
	GlobalSection(SolutionProperties) = preSolution
		HideSolutionNode = FALSE
	EndGlobalSection
	GlobalSection(ExtensibilityGlobals) = postSolution
		SolutionGuid = {354A7C29-4B48-4871-8A71-8046B140EB0B}
	EndGlobalSection
EndGlobal
